
Microsoft Visual Studio Solution File, Format Version 12.00
# Visual Studio Version 17
VisualStudioVersion = 17.13.35806.99 d17.13
MinimumVisualStudioVersion = 10.0.40219.1
Project("{888888A0-9F3D-457C-B088-3A5042F75D52}") = "tund8.2", "tund8.2.pyproj", "{FAEFCDF1-D094-419E-808D-D47C950D9246}"
EndProject
Global
	GlobalSection(SolutionConfigurationPlatforms) = preSolution
		Debug|Any CPU = Debug|Any CPU
		Release|Any CPU = Release|Any CPU
	EndGlobalSection
	GlobalSection(ProjectConfigurationPlatforms) = postSolution
		{FAEFCDF1-D094-419E-808D-D47C950D9246}.Debug|Any CPU.ActiveCfg = Debug|Any CPU
		{FAEFCDF1-D094-419E-808D-D47C950D9246}.Release|Any CPU.ActiveCfg = Release|Any CPU
	EndGlobalSection
	GlobalSection(SolutionProperties) = preSolution
		HideSolutionNode = FALSE
	EndGlobalSection
	GlobalSection(ExtensibilityGlobals) = postSolution
		SolutionGuid = {0015EB5E-BCC4-4E4B-B7AD-D6D5613021B5}
	EndGlobalSection
EndGlobal
